<?xml version="1.0" encoding="utf-8"?>
<Project ToolsVersion="4.0" xmlns="http://schemas.microsoft.com/developer/msbuild/2003">
  <ItemGroup>
    <Filter Include="Source">
      <UniqueIdentifier>{241b992b-1ab2-4d74-a454-bd7dc4dbb7a6}</UniqueIdentifier>
    </Filter>
    <Filter Include="SoyLib">
      <UniqueIdentifier>{5fca03a2-531e-4020-b3a7-da724687bfc8}</UniqueIdentifier>
    </Filter>
    <Filter Include="Unity Source">
      <UniqueIdentifier>{38d16710-35c0-4ee2-89fd-1eed7bd8119e}</UniqueIdentifier>
    </Filter>
    <Filter Include="Broadway">
      <UniqueIdentifier>{0c422dd0-e47c-4f51-a2d7-9ff412f56902}</UniqueIdentifier>
    </Filter>
    <Filter Include="Source\Json11">
      <UniqueIdentifier>{20bd4c59-d59a-47a1-a406-fd0c954511f1}</UniqueIdentifier>
    </Filter>
    <Filter Include="Source\MagicEnum">
      <UniqueIdentifier>{a5490091-84f5-492a-a94d-982b1bf6baeb}</UniqueIdentifier>
    </Filter>
    <Filter Include="IntelMedia">
      <UniqueIdentifier>{9236602d-c355-491e-8513-eac9ad797579}</UniqueIdentifier>
    </Filter>
    <Filter Include="x264">
      <UniqueIdentifier>{9c3124d0-7c4f-4498-acdc-43e97cf109f6}</UniqueIdentifier>
    </Filter>
    <Filter Include="x264\x86">
      <UniqueIdentifier>{fb8dffc9-7c16-4b30-a9cb-bc800a013126}</UniqueIdentifier>
    </Filter>
    <Filter Include="x264\x64">
      <UniqueIdentifier>{8f411c2b-1aee-4761-ac99-a378b4222ec9}</UniqueIdentifier>
    </Filter>
  </ItemGroup>
  <ItemGroup>
    <ClCompile Include="..\Source\SoyLib\src\memheap.cpp">
      <Filter>SoyLib</Filter>
    </ClCompile>
    <ClCompile Include="..\Source\SoyLib\src\SoyDebug.cpp">
      <Filter>SoyLib</Filter>
    </ClCompile>
    <ClCompile Include="..\Source\SoyLib\src\SoyPixels.cpp">
      <Filter>SoyLib</Filter>
    </ClCompile>
    <ClCompile Include="..\Source\SoyLib\src\SoyString.cpp">
      <Filter>SoyLib</Filter>
    </ClCompile>
    <ClCompile Include="..\Source\SoyLib\src\SoyTypes.cpp">
      <Filter>SoyLib</Filter>
    </ClCompile>
    <ClCompile Include="..\Source\SoyLib\src\SoyTime.cpp">
      <Filter>SoyLib</Filter>
    </ClCompile>
    <ClCompile Include="..\Source\SoyLib\src\SoyPng.cpp">
      <Filter>SoyLib</Filter>
    </ClCompile>
    <ClCompile Include="..\Source\SoyLib\src\SoyAssert.cpp">
      <Filter>SoyLib</Filter>
    </ClCompile>
    <ClCompile Include="..\Source\SoyLib\src\SoyArray.cpp">
      <Filter>SoyLib</Filter>
    </ClCompile>
    <ClCompile Include="..\Source\SoyLib\src\SoyThread.cpp">
      <Filter>SoyLib</Filter>
    </ClCompile>
    <ClCompile Include="..\Source\SoyLib\src\SoyMediaFormat.cpp">
      <Filter>SoyLib</Filter>
    </ClCompile>
    <ClCompile Include="..\Source\SoyLib\src\SoyMedia.cpp">
      <Filter>SoyLib</Filter>
    </ClCompile>
    <ClCompile Include="..\Source\SoyLib\src\SoyMediaFoundation.cpp">
      <Filter>SoyLib</Filter>
    </ClCompile>
    <ClCompile Include="..\Source\SoyLib\src\SoyMath.cpp">
      <Filter>SoyLib</Filter>
    </ClCompile>
    <ClCompile Include="..\Source\SoyLib\src\SoyJson.cpp">
      <Filter>SoyLib</Filter>
    </ClCompile>
    <ClCompile Include="..\Source\SoyLib\src\SoyEvent.cpp">
      <Filter>SoyLib</Filter>
    </ClCompile>
    <ClCompile Include="..\Source\SoyLib\src\SoyWave.cpp">
      <Filter>SoyLib</Filter>
    </ClCompile>
    <ClCompile Include="..\Source\SoyLib\src\SoyH264.cpp">
      <Filter>SoyLib</Filter>
    </ClCompile>
    <ClCompile Include="..\Source\PopH264.cpp">
      <Filter>Source</Filter>
    </ClCompile>
    <ClCompile Include="..\Source\BroadwayDecoder.cpp">
      <Filter>Source</Filter>
    </ClCompile>
    <ClCompile Include="..\Source\Broadway\Decoder\src\h264bsd_slice_header.c">
      <Filter>Broadway</Filter>
    </ClCompile>
    <ClCompile Include="..\Source\Broadway\Decoder\src\h264bsd_storage.c">
      <Filter>Broadway</Filter>
    </ClCompile>
    <ClCompile Include="..\Source\Broadway\Decoder\src\h264bsd_stream.c">
      <Filter>Broadway</Filter>
    </ClCompile>
    <ClCompile Include="..\Source\Broadway\Decoder\src\h264bsd_transform.c">
      <Filter>Broadway</Filter>
    </ClCompile>
    <ClCompile Include="..\Source\Broadway\Decoder\src\h264bsd_util.c">
      <Filter>Broadway</Filter>
    </ClCompile>
    <ClCompile Include="..\Source\Broadway\Decoder\src\h264bsd_vlc.c">
      <Filter>Broadway</Filter>
    </ClCompile>
    <ClCompile Include="..\Source\Broadway\Decoder\src\h264bsd_vui.c">
      <Filter>Broadway</Filter>
    </ClCompile>
    <ClCompile Include="..\Source\Broadway\Decoder\src\H264SwDecApi.c">
      <Filter>Broadway</Filter>
    </ClCompile>
    <ClCompile Include="..\Source\Broadway\Decoder\src\h264bsd_byte_stream.c">
      <Filter>Broadway</Filter>
    </ClCompile>
    <ClCompile Include="..\Source\Broadway\Decoder\src\h264bsd_cavlc.c">
      <Filter>Broadway</Filter>
    </ClCompile>
    <ClCompile Include="..\Source\Broadway\Decoder\src\h264bsd_conceal.c">
      <Filter>Broadway</Filter>
    </ClCompile>
    <ClCompile Include="..\Source\Broadway\Decoder\src\h264bsd_deblocking.c">
      <Filter>Broadway</Filter>
    </ClCompile>
    <ClCompile Include="..\Source\Broadway\Decoder\src\h264bsd_decoder.c">
      <Filter>Broadway</Filter>
    </ClCompile>
    <ClCompile Include="..\Source\Broadway\Decoder\src\h264bsd_dpb.c">
      <Filter>Broadway</Filter>
    </ClCompile>
    <ClCompile Include="..\Source\Broadway\Decoder\src\h264bsd_image.c">
      <Filter>Broadway</Filter>
    </ClCompile>
    <ClCompile Include="..\Source\Broadway\Decoder\src\h264bsd_inter_prediction.c">
      <Filter>Broadway</Filter>
    </ClCompile>
    <ClCompile Include="..\Source\Broadway\Decoder\src\h264bsd_intra_prediction.c">
      <Filter>Broadway</Filter>
    </ClCompile>
    <ClCompile Include="..\Source\Broadway\Decoder\src\h264bsd_macroblock_layer.c">
      <Filter>Broadway</Filter>
    </ClCompile>
    <ClCompile Include="..\Source\Broadway\Decoder\src\h264bsd_nal_unit.c">
      <Filter>Broadway</Filter>
    </ClCompile>
    <ClCompile Include="..\Source\Broadway\Decoder\src\h264bsd_neighbour.c">
      <Filter>Broadway</Filter>
    </ClCompile>
    <ClCompile Include="..\Source\Broadway\Decoder\src\h264bsd_pic_order_cnt.c">
      <Filter>Broadway</Filter>
    </ClCompile>
    <ClCompile Include="..\Source\Broadway\Decoder\src\h264bsd_pic_param_set.c">
      <Filter>Broadway</Filter>
    </ClCompile>
    <ClCompile Include="..\Source\Broadway\Decoder\src\h264bsd_reconstruct.c">
      <Filter>Broadway</Filter>
    </ClCompile>
    <ClCompile Include="..\Source\Broadway\Decoder\src\h264bsd_sei.c">
      <Filter>Broadway</Filter>
    </ClCompile>
    <ClCompile Include="..\Source\Broadway\Decoder\src\h264bsd_seq_param_set.c">
      <Filter>Broadway</Filter>
    </ClCompile>
    <ClCompile Include="..\Source\Broadway\Decoder\src\h264bsd_slice_data.c">
      <Filter>Broadway</Filter>
    </ClCompile>
    <ClCompile Include="..\Source\Broadway\Decoder\src\h264bsd_slice_group_map.c">
      <Filter>Broadway</Filter>
    </ClCompile>
    <ClCompile Include="..\Source\Broadway\Decoder\src\Broadway.c">
      <Filter>Broadway</Filter>
    </ClCompile>
    <ClCompile Include="..\Source\Broadway\Decoder\src\Decoder.c">
      <Filter>Broadway</Filter>
    </ClCompile>
    <ClCompile Include="..\Source\Broadway\Decoder\src\DecTestBench.c">
      <Filter>Broadway</Filter>
    </ClCompile>
    <ClCompile Include="..\Source\Broadway\Decoder\src\EvaluationTestBench.c">
      <Filter>Broadway</Filter>
    </ClCompile>
    <ClCompile Include="..\Source\Broadway\Decoder\src\extraFlags.c">
      <Filter>Broadway</Filter>
    </ClCompile>
    <ClCompile Include="..\Source\Broadway\Decoder\src\TestBenchMultipleInstance.c">
      <Filter>Broadway</Filter>
    </ClCompile>
    <ClCompile Include="..\Source\TDecoder.cpp">
      <Filter>Source</Filter>
    </ClCompile>
    <ClCompile Include="..\Source\Json11\json11.cpp">
      <Filter>Source\Json11</Filter>
    </ClCompile>
    <ClCompile Include="..\Source\SoyLib\src\SoyImage.cpp">
      <Filter>SoyLib</Filter>
    </ClCompile>
    <ClCompile Include="..\Source\SoyLib\src\SoyFourcc.cpp">
      <Filter>SoyLib</Filter>
    </ClCompile>
    <ClCompile Include="..\Source\SoyLib\src\SoyStreamBuffer.cpp">
      <Filter>SoyLib</Filter>
    </ClCompile>
    <ClCompile Include="..\Source\IntelMediaDecoder.cpp">
      <Filter>Source</Filter>
    </ClCompile>
    <ClCompile Include="..\Source\TDecoderInstance.cpp">
      <Filter>Source</Filter>
    </ClCompile>
    <ClCompile Include="..\Source\TEncoder.cpp">
      <Filter>Source</Filter>
    </ClCompile>
    <ClCompile Include="..\Source\TEncoderInstance.cpp">
      <Filter>Source</Filter>
    </ClCompile>
    <ClCompile Include="..\Source\Test.cpp">
      <Filter>Source</Filter>
    </ClCompile>
    <ClCompile Include="..\Source\X264Encoder.cpp">
      <Filter>Source</Filter>
    </ClCompile>
    <ClCompile Include="..\Source\SoyLib\src\SoyRuntimeLibrary.cpp">
      <Filter>SoyLib</Filter>
    </ClCompile>
    <ClCompile Include="..\Source\SoyLib\src\SoyFilesystem.cpp">
      <Filter>SoyLib</Filter>
    </ClCompile>
    <ClCompile Include="..\Source\MediaFoundationDecoder.cpp">
      <Filter>Source</Filter>
    </ClCompile>
    <ClCompile Include="..\Source\MediaFoundationTransformer.cpp">
      <Filter>Source</Filter>
    </ClCompile>
    <ClCompile Include="..\Source\MediaFoundationEncoder.cpp">
      <Filter>Source</Filter>
    </ClCompile>
    <ClCompile Include="..\Source\PopH264TestData.cpp">
      <Filter>Source</Filter>
    </ClCompile>
    <ClCompile Include="..\Source\AndroidMovieDecoder.cpp">
      <Filter>Source</Filter>
    </ClCompile>
    <ClCompile Include="..\Source\SoyLib\src\SoyPlatform.cpp">
      <Filter>SoyLib</Filter>
    </ClCompile>
  </ItemGroup>
  <ItemGroup>
    <ClInclude Include="..\Source\SoyLib\src\Array.hpp">
      <Filter>SoyLib</Filter>
    </ClInclude>
    <ClInclude Include="..\Source\SoyLib\src\BufferArray.hpp">
      <Filter>SoyLib</Filter>
    </ClInclude>
    <ClInclude Include="..\Source\SoyLib\src\HeapArray.hpp">
      <Filter>SoyLib</Filter>
    </ClInclude>
    <ClInclude Include="..\Source\SoyLib\src\MemHeap.hpp">
      <Filter>SoyLib</Filter>
    </ClInclude>
    <ClInclude Include="..\Source\SoyLib\src\SoyDebug.h">
      <Filter>SoyLib</Filter>
    </ClInclude>
    <ClInclude Include="..\Source\SoyLib\src\SoyPixels.h">
      <Filter>SoyLib</Filter>
    </ClInclude>
    <ClInclude Include="..\Source\SoyLib\src\SoyString.h">
      <Filter>SoyLib</Filter>
    </ClInclude>
    <ClInclude Include="..\Source\SoyLib\src\SoyTypes.h">
      <Filter>SoyLib</Filter>
    </ClInclude>
    <ClInclude Include="..\Source\SoyLib\src\SoyTypes_Windows.h">
      <Filter>SoyLib</Filter>
    </ClInclude>
    <ClInclude Include="..\Source\SoyLib\src\string.hpp">
      <Filter>SoyLib</Filter>
    </ClInclude>
    <ClInclude Include="..\Source\SoyLib\src\SoyPng.h">
      <Filter>SoyLib</Filter>
    </ClInclude>
    <ClInclude Include="..\Source\SoyLib\src\SoyAssert.h">
      <Filter>SoyLib</Filter>
    </ClInclude>
    <ClInclude Include="..\Source\SoyLib\src\SoyArray.h">
      <Filter>SoyLib</Filter>
    </ClInclude>
    <ClInclude Include="..\Source\SoyLib\src\SoyThread.h">
      <Filter>SoyLib</Filter>
    </ClInclude>
    <ClInclude Include="..\Source\SoyLib\src\SoyMedia.h">
      <Filter>SoyLib</Filter>
    </ClInclude>
    <ClInclude Include="..\Source\SoyLib\src\SoyMediaFormat.h">
      <Filter>SoyLib</Filter>
    </ClInclude>
    <ClInclude Include="..\Source\SoyLib\src\soymediafoundation.h">
      <Filter>SoyLib</Filter>
    </ClInclude>
    <ClInclude Include="..\Source\SoyLib\src\SoyMath.h">
      <Filter>SoyLib</Filter>
    </ClInclude>
    <ClInclude Include="..\Source\SoyLib\src\SoyJson.h">
      <Filter>SoyLib</Filter>
    </ClInclude>
    <ClInclude Include="..\Source\SoyLib\src\SoyEvent.h">
      <Filter>SoyLib</Filter>
    </ClInclude>
    <ClInclude Include="..\Source\SoyLib\src\SoyWave.h">
      <Filter>SoyLib</Filter>
    </ClInclude>
    <ClInclude Include="..\Source\SoyLib\src\SoyH264.h">
      <Filter>SoyLib</Filter>
    </ClInclude>
    <ClInclude Include="..\Source\PopH264Framework.h">
      <Filter>Source</Filter>
    </ClInclude>
    <ClInclude Include="..\Source\BroadwayDecoder.h">
      <Filter>Source</Filter>
    </ClInclude>
    <ClInclude Include="..\Source\Broadway\Decoder\src\h264bsd_slice_header.h">
      <Filter>Broadway</Filter>
    </ClInclude>
    <ClInclude Include="..\Source\Broadway\Decoder\src\h264bsd_storage.h">
      <Filter>Broadway</Filter>
    </ClInclude>
    <ClInclude Include="..\Source\Broadway\Decoder\src\h264bsd_stream.h">
      <Filter>Broadway</Filter>
    </ClInclude>
    <ClInclude Include="..\Source\Broadway\Decoder\src\h264bsd_transform.h">
      <Filter>Broadway</Filter>
    </ClInclude>
    <ClInclude Include="..\Source\Broadway\Decoder\src\h264bsd_util.h">
      <Filter>Broadway</Filter>
    </ClInclude>
    <ClInclude Include="..\Source\Broadway\Decoder\src\h264bsd_vlc.h">
      <Filter>Broadway</Filter>
    </ClInclude>
    <ClInclude Include="..\Source\Broadway\Decoder\src\h264bsd_vui.h">
      <Filter>Broadway</Filter>
    </ClInclude>
    <ClInclude Include="..\Source\Broadway\Decoder\src\h264bsd_byte_stream.h">
      <Filter>Broadway</Filter>
    </ClInclude>
    <ClInclude Include="..\Source\Broadway\Decoder\src\h264bsd_cavlc.h">
      <Filter>Broadway</Filter>
    </ClInclude>
    <ClInclude Include="..\Source\Broadway\Decoder\src\h264bsd_cfg.h">
      <Filter>Broadway</Filter>
    </ClInclude>
    <ClInclude Include="..\Source\Broadway\Decoder\src\h264bsd_conceal.h">
      <Filter>Broadway</Filter>
    </ClInclude>
    <ClInclude Include="..\Source\Broadway\Decoder\src\h264bsd_container.h">
      <Filter>Broadway</Filter>
    </ClInclude>
    <ClInclude Include="..\Source\Broadway\Decoder\src\h264bsd_deblocking.h">
      <Filter>Broadway</Filter>
    </ClInclude>
    <ClInclude Include="..\Source\Broadway\Decoder\src\h264bsd_decoder.h">
      <Filter>Broadway</Filter>
    </ClInclude>
    <ClInclude Include="..\Source\Broadway\Decoder\src\h264bsd_dpb.h">
      <Filter>Broadway</Filter>
    </ClInclude>
    <ClInclude Include="..\Source\Broadway\Decoder\src\h264bsd_image.h">
      <Filter>Broadway</Filter>
    </ClInclude>
    <ClInclude Include="..\Source\Broadway\Decoder\src\h264bsd_inter_prediction.h">
      <Filter>Broadway</Filter>
    </ClInclude>
    <ClInclude Include="..\Source\Broadway\Decoder\src\h264bsd_intra_prediction.h">
      <Filter>Broadway</Filter>
    </ClInclude>
    <ClInclude Include="..\Source\Broadway\Decoder\src\h264bsd_macroblock_layer.h">
      <Filter>Broadway</Filter>
    </ClInclude>
    <ClInclude Include="..\Source\Broadway\Decoder\src\h264bsd_nal_unit.h">
      <Filter>Broadway</Filter>
    </ClInclude>
    <ClInclude Include="..\Source\Broadway\Decoder\src\h264bsd_neighbour.h">
      <Filter>Broadway</Filter>
    </ClInclude>
    <ClInclude Include="..\Source\Broadway\Decoder\src\h264bsd_pic_order_cnt.h">
      <Filter>Broadway</Filter>
    </ClInclude>
    <ClInclude Include="..\Source\Broadway\Decoder\src\h264bsd_pic_param_set.h">
      <Filter>Broadway</Filter>
    </ClInclude>
    <ClInclude Include="..\Source\Broadway\Decoder\src\h264bsd_reconstruct.h">
      <Filter>Broadway</Filter>
    </ClInclude>
    <ClInclude Include="..\Source\Broadway\Decoder\src\h264bsd_sei.h">
      <Filter>Broadway</Filter>
    </ClInclude>
    <ClInclude Include="..\Source\Broadway\Decoder\src\h264bsd_seq_param_set.h">
      <Filter>Broadway</Filter>
    </ClInclude>
    <ClInclude Include="..\Source\Broadway\Decoder\src\h264bsd_slice_data.h">
      <Filter>Broadway</Filter>
    </ClInclude>
    <ClInclude Include="..\Source\Broadway\Decoder\src\h264bsd_slice_group_map.h">
      <Filter>Broadway</Filter>
    </ClInclude>
    <ClInclude Include="..\Source\TDecoder.h">
      <Filter>Source</Filter>
    </ClInclude>
    <ClInclude Include="..\Source\Json11\json11.hpp">
      <Filter>Source\Json11</Filter>
    </ClInclude>
    <ClInclude Include="..\Source\SoyLib\src\SoyImage.h">
      <Filter>SoyLib</Filter>
    </ClInclude>
    <ClInclude Include="..\Source\SoyLib\src\SoyFourcc.h">
      <Filter>SoyLib</Filter>
    </ClInclude>
    <ClInclude Include="..\Source\SoyLib\src\SoyStreamBuffer.h">
      <Filter>SoyLib</Filter>
    </ClInclude>
    <ClInclude Include="..\Source\MagicEnum\include\magic_enum.hpp">
      <Filter>Source\MagicEnum</Filter>
    </ClInclude>
    <ClInclude Include="..\Source\IntelMediaDecoder.h">
      <Filter>Source</Filter>
    </ClInclude>
    <ClInclude Include="C:\Program Files (x86)\IntelSWTools\Intel(R) Media SDK 2019 R1\Software Development Kit\include\mfxastructures.h">
      <Filter>IntelMedia</Filter>
    </ClInclude>
    <ClInclude Include="C:\Program Files (x86)\IntelSWTools\Intel(R) Media SDK 2019 R1\Software Development Kit\include\mfxaudio.h">
      <Filter>IntelMedia</Filter>
    </ClInclude>
    <ClInclude Include="C:\Program Files (x86)\IntelSWTools\Intel(R) Media SDK 2019 R1\Software Development Kit\include\mfxaudio++.h">
      <Filter>IntelMedia</Filter>
    </ClInclude>
    <ClInclude Include="C:\Program Files (x86)\IntelSWTools\Intel(R) Media SDK 2019 R1\Software Development Kit\include\mfxbrc.h">
      <Filter>IntelMedia</Filter>
    </ClInclude>
    <ClInclude Include="C:\Program Files (x86)\IntelSWTools\Intel(R) Media SDK 2019 R1\Software Development Kit\include\mfxcamera.h">
      <Filter>IntelMedia</Filter>
    </ClInclude>
    <ClInclude Include="C:\Program Files (x86)\IntelSWTools\Intel(R) Media SDK 2019 R1\Software Development Kit\include\mfxcommon.h">
      <Filter>IntelMedia</Filter>
    </ClInclude>
    <ClInclude Include="C:\Program Files (x86)\IntelSWTools\Intel(R) Media SDK 2019 R1\Software Development Kit\include\mfxdefs.h">
      <Filter>IntelMedia</Filter>
    </ClInclude>
    <ClInclude Include="C:\Program Files (x86)\IntelSWTools\Intel(R) Media SDK 2019 R1\Software Development Kit\include\mfxenc.h">
      <Filter>IntelMedia</Filter>
    </ClInclude>
    <ClInclude Include="C:\Program Files (x86)\IntelSWTools\Intel(R) Media SDK 2019 R1\Software Development Kit\include\mfxjpeg.h">
      <Filter>IntelMedia</Filter>
    </ClInclude>
    <ClInclude Include="C:\Program Files (x86)\IntelSWTools\Intel(R) Media SDK 2019 R1\Software Development Kit\include\mfxla.h">
      <Filter>IntelMedia</Filter>
    </ClInclude>
    <ClInclude Include="C:\Program Files (x86)\IntelSWTools\Intel(R) Media SDK 2019 R1\Software Development Kit\include\mfxmvc.h">
      <Filter>IntelMedia</Filter>
    </ClInclude>
    <ClInclude Include="C:\Program Files (x86)\IntelSWTools\Intel(R) Media SDK 2019 R1\Software Development Kit\include\mfxpak.h">
      <Filter>IntelMedia</Filter>
    </ClInclude>
    <ClInclude Include="C:\Program Files (x86)\IntelSWTools\Intel(R) Media SDK 2019 R1\Software Development Kit\include\mfxplugin.h">
      <Filter>IntelMedia</Filter>
    </ClInclude>
    <ClInclude Include="C:\Program Files (x86)\IntelSWTools\Intel(R) Media SDK 2019 R1\Software Development Kit\include\mfxplugin++.h">
      <Filter>IntelMedia</Filter>
    </ClInclude>
    <ClInclude Include="C:\Program Files (x86)\IntelSWTools\Intel(R) Media SDK 2019 R1\Software Development Kit\include\mfxsession.h">
      <Filter>IntelMedia</Filter>
    </ClInclude>
    <ClInclude Include="C:\Program Files (x86)\IntelSWTools\Intel(R) Media SDK 2019 R1\Software Development Kit\include\mfxstructures.h">
      <Filter>IntelMedia</Filter>
    </ClInclude>
    <ClInclude Include="C:\Program Files (x86)\IntelSWTools\Intel(R) Media SDK 2019 R1\Software Development Kit\include\mfxvideo.h">
      <Filter>IntelMedia</Filter>
    </ClInclude>
    <ClInclude Include="C:\Program Files (x86)\IntelSWTools\Intel(R) Media SDK 2019 R1\Software Development Kit\include\mfxvideo++.h">
      <Filter>IntelMedia</Filter>
    </ClInclude>
    <ClInclude Include="C:\Program Files (x86)\IntelSWTools\Intel(R) Media SDK 2019 R1\Software Development Kit\include\mfxvp8.h">
      <Filter>IntelMedia</Filter>
    </ClInclude>
    <ClInclude Include="C:\Program Files (x86)\IntelSWTools\Intel(R) Media SDK 2019 R1\Software Development Kit\include\mfxvp9.h">
      <Filter>IntelMedia</Filter>
    </ClInclude>
    <ClInclude Include="C:\Program Files (x86)\IntelSWTools\Intel(R) Media SDK 2019 R1\Software Development Kit\include\mfxvstructures.h">
      <Filter>IntelMedia</Filter>
    </ClInclude>
    <ClInclude Include="..\Source\AvfEncoder.h">
      <Filter>Source</Filter>
    </ClInclude>
    <ClInclude Include="..\Source\SoyAvf.h">
      <Filter>Source</Filter>
    </ClInclude>
    <ClInclude Include="..\Source\TDecoderInstance.h">
      <Filter>Source</Filter>
    </ClInclude>
    <ClInclude Include="..\Source\TEncoder.h">
      <Filter>Source</Filter>
    </ClInclude>
    <ClInclude Include="..\Source\TEncoderInstance.h">
      <Filter>Source</Filter>
    </ClInclude>
    <ClInclude Include="..\Source\TInstanceManager.h">
      <Filter>Source</Filter>
    </ClInclude>
    <ClInclude Include="..\Source\X264Encoder.h">
      <Filter>Source</Filter>
    </ClInclude>
    <ClInclude Include="..\Source\SoyLib\src\SoyRuntimeLibrary.h">
      <Filter>SoyLib</Filter>
    </ClInclude>
    <ClInclude Include="..\Source\SoyLib\src\SoyFilesystem.h">
      <Filter>SoyLib</Filter>
    </ClInclude>
    <ClInclude Include="..\Source\X264\include\x264.h">
      <Filter>x264</Filter>
    </ClInclude>
    <ClInclude Include="..\Source\X264\include\x264_config.h">
      <Filter>x264</Filter>
    </ClInclude>
    <ClInclude Include="..\Source\MediaFoundationDecoder.h">
      <Filter>Source</Filter>
    </ClInclude>
    <ClInclude Include="..\Source\MediaFoundationTransformer.h">
      <Filter>Source</Filter>
    </ClInclude>
    <ClInclude Include="..\Source\MediaFoundationEncoder.h">
      <Filter>Source</Filter>
    </ClInclude>
    <ClInclude Include="..\Source\PopH264TestData.h">
      <Filter>Source</Filter>
    </ClInclude>
    <ClInclude Include="..\Source\AndroidMovieDecoder.h">
      <Filter>Source</Filter>
    </ClInclude>
    <ClInclude Include="..\Source\SoyLib\src\SoyPlatform.h">
      <Filter>SoyLib</Filter>
    </ClInclude>
  </ItemGroup>
  <ItemGroup>
    <None Include="..\Source\InstanceManager.inc">
      <Filter>Source</Filter>
    </None>
    <None Include="..\Source\Broadway\Decoder\src\EvaluationTestBench.x">
      <Filter>Broadway</Filter>
    </None>
    <None Include="..\Source\AvfEncoder.mm">
      <Filter>Source</Filter>
    </None>
    <None Include="..\Source\SoyAvf.mm">
      <Filter>Source</Filter>
    </None>
    <None Include="..\Source\X264\lib\x86\x264.pdb">
      <Filter>x264\x86</Filter>
    </None>
    <None Include="..\Source\X264\bin\x86\x264.dll">
      <Filter>x264\x86</Filter>
    </None>
    <None Include="..\Unity\PopH264\Assets\PopH264\PopH264.cs">
      <Filter>Unity Source</Filter>
    </None>
  </ItemGroup>
  <ItemGroup>
    <CopyFileToFolders Include="..\Source\X264\bin\x64\x264.dll">
      <Filter>x264\x64</Filter>
    </CopyFileToFolders>
    <CopyFileToFolders Include="..\Source\PopH264.h">
      <Filter>Source</Filter>
    </CopyFileToFolders>
  </ItemGroup>
  <ItemGroup>
    <Library Include="C:\Program Files (x86)\IntelSWTools\Intel(R) Media SDK 2019 R1\Software Development Kit\lib\x64\libmfx.lib">
      <Filter>IntelMedia</Filter>
    </Library>
    <Library Include="C:\Program Files (x86)\IntelSWTools\Intel(R) Media SDK 2019 R1\Software Development Kit\lib\x64\libmfx_vs2015.lib">
      <Filter>IntelMedia</Filter>
    </Library>
    <Library Include="..\Source\X264\lib\x86\x264.lib">
      <Filter>x264\x86</Filter>
    </Library>
    <Library Include="..\Source\X264\lib\x64\libx264.lib">
      <Filter>x264\x64</Filter>
    </Library>
    <Library Include="..\Source\X264\lib\x64\x264.lib">
      <Filter>x264\x64</Filter>
    </Library>
  </ItemGroup>
</Project>