Microsoft Visual Studio Solution File, Format Version 12.00
# Visual Studio Version 17
VisualStudioVersion = 17.6.33829.357
MinimumVisualStudioVersion = 10.0.40219.1
Project("{8BC9CEB8-8B4A-11D0-8D11-00A0C91BC942}") = "PopH264", "PopH264.vcxproj", "{64811728-CD20-4F2C-899B-E3BF3D4B032E}"
EndProject
Project("{8BC9CEB8-8B4A-11D0-8D11-00A0C91BC942}") = "PopH264_TestApp", "PopH264_TestApp.vcxproj", "{0A68B537-A889-4D4C-91EC-C452F23E97B3}"
	ProjectSection(ProjectDependencies) = postProject
		{64811728-CD20-4F2C-899B-E3BF3D4B032E} = {64811728-CD20-4F2C-899B-E3BF3D4B032E}
	EndProjectSection
EndProject
Project("{8BC9CEB8-8B4A-11D0-8D11-00A0C91BC942}") = "PopH264.Uwp", "PopH264.Uwp.vcxproj", "{50FEE5A7-A037-44CB-9731-999F44725F28}"
EndProject
Project("{8BC9CEB8-8B4A-11D0-8D11-00A0C91BC942}") = "PopH264_TestApp.Uwp", "PopH264_TestApp.Uwp.vcxproj", "{438CFD5E-AE1D-4D30-8361-C1D58C4DAFAC}"
	ProjectSection(ProjectDependencies) = postProject
		{50FEE5A7-A037-44CB-9731-999F44725F28} = {50FEE5A7-A037-44CB-9731-999F44725F28}
	EndProjectSection
EndProject
Global
	GlobalSection(SolutionConfigurationPlatforms) = preSolution
		Debug|ARM Uwp = Debug|ARM Uwp
		Debug|ARM64 Uwp = Debug|ARM64 Uwp
		Debug|x64 = Debug|x64
		Debug|x64 Uwp = Debug|x64 Uwp
		Debug|x86 = Debug|x86
		Release|ARM Uwp = Release|ARM Uwp
		Release|ARM64 Uwp = Release|ARM64 Uwp
		Release|x64 = Release|x64
		Release|x64 Uwp = Release|x64 Uwp
		Release|x86 = Release|x86
		Static|ARM Uwp = Static|ARM Uwp
		Static|ARM64 Uwp = Static|ARM64 Uwp
		Static|x64 = Static|x64
		Static|x64 Uwp = Static|x64 Uwp
		Static|x86 = Static|x86
	EndGlobalSection
	GlobalSection(ProjectConfigurationPlatforms) = postSolution
		{64811728-CD20-4F2C-899B-E3BF3D4B032E}.Debug|ARM Uwp.ActiveCfg = Debug|x64
		{64811728-CD20-4F2C-899B-E3BF3D4B032E}.Debug|ARM64 Uwp.ActiveCfg = Debug|x64
		{64811728-CD20-4F2C-899B-E3BF3D4B032E}.Debug|x64.ActiveCfg = Debug|x64
		{64811728-CD20-4F2C-899B-E3BF3D4B032E}.Debug|x64.Build.0 = Debug|x64
		{64811728-CD20-4F2C-899B-E3BF3D4B032E}.Debug|x64 Uwp.ActiveCfg = Debug|x64
		{64811728-CD20-4F2C-899B-E3BF3D4B032E}.Debug|x86.ActiveCfg = Debug|x64
		{64811728-CD20-4F2C-899B-E3BF3D4B032E}.Release|ARM Uwp.ActiveCfg = Release|x64
		{64811728-CD20-4F2C-899B-E3BF3D4B032E}.Release|ARM64 Uwp.ActiveCfg = Release|x64
		{64811728-CD20-4F2C-899B-E3BF3D4B032E}.Release|x64.ActiveCfg = Release|x64
		{64811728-CD20-4F2C-899B-E3BF3D4B032E}.Release|x64.Build.0 = Release|x64
		{64811728-CD20-4F2C-899B-E3BF3D4B032E}.Release|x64 Uwp.ActiveCfg = Release|x64
		{64811728-CD20-4F2C-899B-E3BF3D4B032E}.Release|x86.ActiveCfg = Release|x64
		{64811728-CD20-4F2C-899B-E3BF3D4B032E}.Static|ARM Uwp.ActiveCfg = Static|x64
		{64811728-CD20-4F2C-899B-E3BF3D4B032E}.Static|ARM64 Uwp.ActiveCfg = Static|x64
		{64811728-CD20-4F2C-899B-E3BF3D4B032E}.Static|x64.ActiveCfg = Static|x64
		{64811728-CD20-4F2C-899B-E3BF3D4B032E}.Static|x64.Build.0 = Static|x64
		{64811728-CD20-4F2C-899B-E3BF3D4B032E}.Static|x64 Uwp.ActiveCfg = Static|x64
		{64811728-CD20-4F2C-899B-E3BF3D4B032E}.Static|x86.ActiveCfg = Static|x64
		{0A68B537-A889-4D4C-91EC-C452F23E97B3}.Debug|ARM Uwp.ActiveCfg = Debug|x64
		{0A68B537-A889-4D4C-91EC-C452F23E97B3}.Debug|ARM64 Uwp.ActiveCfg = Debug|x64
		{0A68B537-A889-4D4C-91EC-C452F23E97B3}.Debug|x64.ActiveCfg = Debug|x64
		{0A68B537-A889-4D4C-91EC-C452F23E97B3}.Debug|x64.Build.0 = Debug|x64
		{0A68B537-A889-4D4C-91EC-C452F23E97B3}.Debug|x64 Uwp.ActiveCfg = Debug|x64
		{0A68B537-A889-4D4C-91EC-C452F23E97B3}.Debug|x86.ActiveCfg = Debug|x64
		{0A68B537-A889-4D4C-91EC-C452F23E97B3}.Release|ARM Uwp.ActiveCfg = Release|x64
		{0A68B537-A889-4D4C-91EC-C452F23E97B3}.Release|ARM64 Uwp.ActiveCfg = Release|x64
		{0A68B537-A889-4D4C-91EC-C452F23E97B3}.Release|x64.ActiveCfg = Release|x64
		{0A68B537-A889-4D4C-91EC-C452F23E97B3}.Release|x64.Build.0 = Release|x64
		{0A68B537-A889-4D4C-91EC-C452F23E97B3}.Release|x64 Uwp.ActiveCfg = Release|x64
		{0A68B537-A889-4D4C-91EC-C452F23E97B3}.Release|x86.ActiveCfg = Release|x64
		{0A68B537-A889-4D4C-91EC-C452F23E97B3}.Static|ARM Uwp.ActiveCfg = Debug|x64
		{0A68B537-A889-4D4C-91EC-C452F23E97B3}.Static|ARM64 Uwp.ActiveCfg = Debug|x64
		{0A68B537-A889-4D4C-91EC-C452F23E97B3}.Static|x64.ActiveCfg = Static|x64
		{0A68B537-A889-4D4C-91EC-C452F23E97B3}.Static|x64.Build.0 = Static|x64
		{0A68B537-A889-4D4C-91EC-C452F23E97B3}.Static|x64 Uwp.ActiveCfg = Debug|x64
		{0A68B537-A889-4D4C-91EC-C452F23E97B3}.Static|x86.ActiveCfg = Static|x64
		{50FEE5A7-A037-44CB-9731-999F44725F28}.Debug|ARM Uwp.ActiveCfg = Debug|ARM
		{50FEE5A7-A037-44CB-9731-999F44725F28}.Debug|ARM Uwp.Build.0 = Debug|ARM
		{50FEE5A7-A037-44CB-9731-999F44725F28}.Debug|ARM64 Uwp.ActiveCfg = Debug|ARM64
		{50FEE5A7-A037-44CB-9731-999F44725F28}.Debug|ARM64 Uwp.Build.0 = Debug|ARM64
		{50FEE5A7-A037-44CB-9731-999F44725F28}.Debug|x64.ActiveCfg = Debug|x64
		{50FEE5A7-A037-44CB-9731-999F44725F28}.Debug|x64 Uwp.ActiveCfg = Debug|x64
		{50FEE5A7-A037-44CB-9731-999F44725F28}.Debug|x64 Uwp.Build.0 = Debug|x64
		{50FEE5A7-A037-44CB-9731-999F44725F28}.Debug|x86.ActiveCfg = Debug|x64
		{50FEE5A7-A037-44CB-9731-999F44725F28}.Release|ARM Uwp.ActiveCfg = Release|ARM
		{50FEE5A7-A037-44CB-9731-999F44725F28}.Release|ARM Uwp.Build.0 = Release|ARM
		{50FEE5A7-A037-44CB-9731-999F44725F28}.Release|ARM64 Uwp.ActiveCfg = Release|ARM64
		{50FEE5A7-A037-44CB-9731-999F44725F28}.Release|ARM64 Uwp.Build.0 = Release|ARM64
		{50FEE5A7-A037-44CB-9731-999F44725F28}.Release|x64.ActiveCfg = Release|x64
		{50FEE5A7-A037-44CB-9731-999F44725F28}.Release|x64 Uwp.ActiveCfg = Release|x64
		{50FEE5A7-A037-44CB-9731-999F44725F28}.Release|x64 Uwp.Build.0 = Release|x64
		{50FEE5A7-A037-44CB-9731-999F44725F28}.Release|x86.ActiveCfg = Release|x64
		{50FEE5A7-A037-44CB-9731-999F44725F28}.Static|ARM Uwp.ActiveCfg = Debug|ARM
		{50FEE5A7-A037-44CB-9731-999F44725F28}.Static|ARM64 Uwp.ActiveCfg = Debug|ARM
		{50FEE5A7-A037-44CB-9731-999F44725F28}.Static|x64.ActiveCfg = Debug|x64
		{50FEE5A7-A037-44CB-9731-999F44725F28}.Static|x64 Uwp.ActiveCfg = Debug|x64
		{50FEE5A7-A037-44CB-9731-999F44725F28}.Static|x86.ActiveCfg = Release|x64
		{438CFD5E-AE1D-4D30-8361-C1D58C4DAFAC}.Debug|ARM Uwp.ActiveCfg = Debug|ARM
		{438CFD5E-AE1D-4D30-8361-C1D58C4DAFAC}.Debug|ARM Uwp.Build.0 = Debug|ARM
		{438CFD5E-AE1D-4D30-8361-C1D58C4DAFAC}.Debug|ARM Uwp.Deploy.0 = Debug|ARM
		{438CFD5E-AE1D-4D30-8361-C1D58C4DAFAC}.Debug|ARM64 Uwp.ActiveCfg = Debug|ARM64
		{438CFD5E-AE1D-4D30-8361-C1D58C4DAFAC}.Debug|ARM64 Uwp.Build.0 = Debug|ARM64
		{438CFD5E-AE1D-4D30-8361-C1D58C4DAFAC}.Debug|ARM64 Uwp.Deploy.0 = Debug|ARM64
		{438CFD5E-AE1D-4D30-8361-C1D58C4DAFAC}.Debug|x64.ActiveCfg = Debug|x64
		{438CFD5E-AE1D-4D30-8361-C1D58C4DAFAC}.Debug|x64 Uwp.ActiveCfg = Debug|x64
		{438CFD5E-AE1D-4D30-8361-C1D58C4DAFAC}.Debug|x64 Uwp.Build.0 = Debug|x64
		{438CFD5E-AE1D-4D30-8361-C1D58C4DAFAC}.Debug|x64 Uwp.Deploy.0 = Debug|x64
		{438CFD5E-AE1D-4D30-8361-C1D58C4DAFAC}.Debug|x86.ActiveCfg = Debug|x64
		{438CFD5E-AE1D-4D30-8361-C1D58C4DAFAC}.Debug|x86.Build.0 = Debug|x64
		{438CFD5E-AE1D-4D30-8361-C1D58C4DAFAC}.Release|ARM Uwp.ActiveCfg = Release|ARM
		{438CFD5E-AE1D-4D30-8361-C1D58C4DAFAC}.Release|ARM Uwp.Build.0 = Release|ARM
		{438CFD5E-AE1D-4D30-8361-C1D58C4DAFAC}.Release|ARM64 Uwp.ActiveCfg = Release|ARM64
		{438CFD5E-AE1D-4D30-8361-C1D58C4DAFAC}.Release|ARM64 Uwp.Build.0 = Release|ARM64
		{438CFD5E-AE1D-4D30-8361-C1D58C4DAFAC}.Release|x64.ActiveCfg = Release|x64
		{438CFD5E-AE1D-4D30-8361-C1D58C4DAFAC}.Release|x64 Uwp.ActiveCfg = Release|x64
		{438CFD5E-AE1D-4D30-8361-C1D58C4DAFAC}.Release|x64 Uwp.Build.0 = Release|x64
		{438CFD5E-AE1D-4D30-8361-C1D58C4DAFAC}.Release|x86.ActiveCfg = Release|x64
		{438CFD5E-AE1D-4D30-8361-C1D58C4DAFAC}.Release|x86.Build.0 = Release|x64
		{438CFD5E-AE1D-4D30-8361-C1D58C4DAFAC}.Static|ARM Uwp.ActiveCfg = Debug|x64
		{438CFD5E-AE1D-4D30-8361-C1D58C4DAFAC}.Static|ARM64 Uwp.ActiveCfg = Debug|x64
		{438CFD5E-AE1D-4D30-8361-C1D58C4DAFAC}.Static|x64.ActiveCfg = Debug|x64
		{438CFD5E-AE1D-4D30-8361-C1D58C4DAFAC}.Static|x64 Uwp.ActiveCfg = Debug|x64
		{438CFD5E-AE1D-4D30-8361-C1D58C4DAFAC}.Static|x86.ActiveCfg = Debug|x64
	EndGlobalSection
	GlobalSection(SolutionProperties) = preSolution
		HideSolutionNode = FALSE
	EndGlobalSection
	GlobalSection(ExtensibilityGlobals) = postSolution
		SolutionGuid = {EB78D3C7-DFA0-4AB2-A64C-2F33D7FE8DB3}
	EndGlobalSection
EndGlobal
